
Microsoft Visual Studio Solution File, Format Version 12.00
# Visual Studio Version 17
VisualStudioVersion = 17.11.35312.102
MinimumVisualStudioVersion = 10.0.40219.1
Project("{9A19103F-16F7-4668-BE54-9A1E7A4F7556}") = "Debug_Lab7", "Debug_Lab7\Debug_Lab7.csproj", "{3079F927-83DD-44C1-9E7E-EC940E1DF2EE}"
EndProject
Project("{FAE04EC0-301F-11D3-BF4B-00C04F79EFBC}") = "StackTests", "StackTests\StackTests.csproj", "{DEBCBC31-DD69-42CC-9D46-1CC42487A921}"
EndProject
Global
	GlobalSection(SolutionConfigurationPlatforms) = preSolution
		Debug|Any CPU = Debug|Any CPU
		Release|Any CPU = Release|Any CPU
	EndGlobalSection
	GlobalSection(ProjectConfigurationPlatforms) = postSolution
		{3079F927-83DD-44C1-9E7E-EC940E1DF2EE}.Debug|Any CPU.ActiveCfg = Debug|Any CPU
		{3079F927-83DD-44C1-9E7E-EC940E1DF2EE}.Debug|Any CPU.Build.0 = Debug|Any CPU
		{3079F927-83DD-44C1-9E7E-EC940E1DF2EE}.Release|Any CPU.ActiveCfg = Release|Any CPU
		{3079F927-83DD-44C1-9E7E-EC940E1DF2EE}.Release|Any CPU.Build.0 = Release|Any CPU
		{DEBCBC31-DD69-42CC-9D46-1CC42487A921}.Debug|Any CPU.ActiveCfg = Debug|Any CPU
		{DEBCBC31-DD69-42CC-9D46-1CC42487A921}.Debug|Any CPU.Build.0 = Debug|Any CPU
		{DEBCBC31-DD69-42CC-9D46-1CC42487A921}.Release|Any CPU.ActiveCfg = Release|Any CPU
		{DEBCBC31-DD69-42CC-9D46-1CC42487A921}.Release|Any CPU.Build.0 = Release|Any CPU
	EndGlobalSection
	GlobalSection(SolutionProperties) = preSolution
		HideSolutionNode = FALSE
	EndGlobalSection
	GlobalSection(ExtensibilityGlobals) = postSolution
		SolutionGuid = {9C63E7C5-706E-4CF2-B8E8-A8BF1AF3FD76}
	EndGlobalSection
EndGlobal
